{
    "_readme": [
        "This file locks the dependencies of your project to a known state",
        "Read more about it at https://getcomposer.org/doc/01-basic-usage.md#installing-dependencies",
        "This file is @generated automatically"
    ],
    "content-hash": "b6e61738f8bc1b69fe04f476a9f22504",
    "packages": [
        {
            "name": "hhvm/hhvm-autoload",
            "version": "v2.0.11",
            "source": {
                "type": "git",
                "url": "https://github.com/hhvm/hhvm-autoload.git",
                "reference": "2506257ca18034d01f7cfe424ae2cef91fe29881"
            },
            "dist": {
                "type": "zip",
                "url": "https://api.github.com/repos/hhvm/hhvm-autoload/zipball/2506257ca18034d01f7cfe424ae2cef91fe29881",
                "reference": "2506257ca18034d01f7cfe424ae2cef91fe29881",
                "shasum": ""
            },
            "require": {
                "composer-plugin-api": "^1.0",
                "hhvm": "^4.25",
                "hhvm/hsl": "^4.0"
            },
            "replace": {
                "facebook/hhvm-autoload": "1.*"
            },
            "require-dev": {
                "facebook/fbexpect": "^2.1",
                "hhvm/hacktest": "^2.0"
            },
            "bin": [
                "bin/hh-autoload",
                "bin/hh-autoload.hack"
            ],
            "type": "composer-plugin",
            "extra": {
                "class": [
                    "Facebook\\AutoloadMap\\ComposerPlugin"
                ],
                "branch-alias": {
                    "dev-master": "2.x-dev"
                }
            },
            "autoload": {
                "classmap": [
                    "src/ComposerPlugin.php"
                ]
            },
            "notification-url": "https://packagist.org/downloads/",
            "time": "2019-11-22T01:04:58+00:00"
        },
        {
            "name": "hhvm/hsl",
            "version": "v4.40.0",
            "source": {
                "type": "git",
                "url": "https://github.com/hhvm/hsl.git",
                "reference": "b14a430062ad95c378765899f955457f3454f2f9"
            },
            "dist": {
                "type": "zip",
                "url": "https://api.github.com/repos/hhvm/hsl/zipball/b14a430062ad95c378765899f955457f3454f2f9",
                "reference": "b14a430062ad95c378765899f955457f3454f2f9",
                "shasum": ""
            },
            "require": {
                "hhvm": "^4.25"
            },
            "require-dev": {
                "facebook/fbexpect": "^2.5.1",
                "hhvm/hacktest": "^1.0|^2.0",
                "hhvm/hhvm-autoload": "^2.0",
                "hhvm/hsl-experimental": "dev-master"
            },
            "type": "library",
            "extra": {
                "branch-alias": {
                    "dev-master": "4.x-dev"
                }
            },
            "notification-url": "https://packagist.org/downloads/",
            "license": [
                "MIT"
            ],
            "description": "The Hack Standard Library",
            "time": "2020-01-08T23:12:08+00:00"
        },
        {
            "name": "hhvm/hsl-experimental",
            "version": "v4.37.1",
            "source": {
                "type": "git",
                "url": "https://github.com/hhvm/hsl-experimental.git",
                "reference": "ffbafdfc3d53fc1426f8e88129513e20320c95bb"
            },
            "dist": {
                "type": "zip",
                "url": "https://api.github.com/repos/hhvm/hsl-experimental/zipball/ffbafdfc3d53fc1426f8e88129513e20320c95bb",
                "reference": "ffbafdfc3d53fc1426f8e88129513e20320c95bb",
                "shasum": ""
            },
            "require": {
                "hhvm": "^4.25",
                "hhvm/hsl": "^4.15"
            },
            "require-dev": {
                "facebook/fbexpect": "^2.7.0",
                "hhvm/hacktest": "^2.0",
                "hhvm/hhvm-autoload": "^2.0"
            },
            "type": "library",
            "extra": {
                "branch-alias": {
                    "dev-master": "4.x-dev"
                }
            },
            "notification-url": "https://packagist.org/downloads/",
            "license": [
                "MIT"
            ],
            "description": "The Hack Standard Library - Experimental Additions",
            "time": "2020-01-27T22:15:58+00:00"
        }
    ],
    "packages-dev": [
        {
            "name": "facebook/difflib",
            "version": "v1.2.0",
            "source": {
                "type": "git",
                "url": "https://github.com/hhvm/difflib.git",
                "reference": "b697c0ac436629c8cd9627ab31a60777431f72f6"
            },
            "dist": {
                "type": "zip",
                "url": "https://api.github.com/repos/hhvm/difflib/zipball/b697c0ac436629c8cd9627ab31a60777431f72f6",
                "reference": "b697c0ac436629c8cd9627ab31a60777431f72f6",
                "shasum": ""
            },
            "require": {
                "hhvm": "^4.8",
                "hhvm/hsl": "^4.0"
            },
            "require-dev": {
                "facebook/fbexpect": "^2.1.2",
                "hhvm/hacktest": "^1.0",
                "hhvm/hhast": "^4.0",
                "hhvm/hhvm-autoload": "^2.0"
            },
            "type": "library",
            "extra": {
                "branch-alias": {
                    "dev-master": "1.x-dev"
                }
            },
            "notification-url": "https://packagist.org/downloads/",
            "license": [
                "MIT"
            ],
            "time": "2019-07-22T20:15:27+00:00"
        },
        {
            "name": "facebook/hh-clilib",
            "version": "v2.2.4",
            "source": {
                "type": "git",
                "url": "https://github.com/hhvm/hh-clilib.git",
                "reference": "7e5a0acdae42ab33b332f94f43cfcf25636bddee"
            },
            "dist": {
                "type": "zip",
                "url": "https://api.github.com/repos/hhvm/hh-clilib/zipball/7e5a0acdae42ab33b332f94f43cfcf25636bddee",
                "reference": "7e5a0acdae42ab33b332f94f43cfcf25636bddee",
                "shasum": ""
            },
            "require": {
                "hhvm": "^4.13",
                "hhvm/hsl": "^4.0",
                "hhvm/hsl-experimental": "^4.0",
                "hhvm/type-assert": "^3.2"
            },
            "require-dev": {
                "facebook/fbexpect": "^2.6.1",
                "hhvm/hacktest": "^1.0.0",
                "hhvm/hhast": "^4.0.2"
            },
            "type": "library",
            "extra": {
                "branch-alias": {
                    "dev-master": "2.x-dev"
                }
            },
            "notification-url": "https://packagist.org/downloads/",
            "license": [
                "MIT"
            ],
            "time": "2019-11-07T21:21:31+00:00"
        },
        {
            "name": "hhvm/hhast",
            "version": "v4.33.4",
            "source": {
                "type": "git",
                "url": "https://github.com/hhvm/hhast.git",
                "reference": "3a2a80ab5845a6a4aa35e10cc5f3586f965d931e"
            },
            "dist": {
                "type": "zip",
                "url": "https://api.github.com/repos/hhvm/hhast/zipball/3a2a80ab5845a6a4aa35e10cc5f3586f965d931e",
                "reference": "3a2a80ab5845a6a4aa35e10cc5f3586f965d931e",
                "shasum": ""
            },
            "require": {
                "facebook/difflib": "^1.0.0",
                "facebook/hh-clilib": "^2.0.0",
                "hhvm": "^4.33",
                "hhvm/hhvm-autoload": "^2.0.4",
                "hhvm/hsl": "^4.25",
                "hhvm/hsl-experimental": "^4.25",
                "hhvm/type-assert": "^3.4"
            },
            "require-dev": {
                "facebook/fbexpect": "^2.1.1",
                "facebook/hack-codegen": "^4.0",
                "hhvm/hacktest": "^2.0"
            },
            "bin": [
                "bin/hhast-lint",
                "bin/hhast-lint.hack",
                "bin/hhast-inspect",
                "bin/hhast-inspect.hack",
                "bin/hhast-migrate",
                "bin/hhast-migrate.hack"
            ],
            "type": "library",
            "extra": {
                "branch-alias": {
                    "dev-master": "4.x-dev"
                }
            },
            "notification-url": "https://packagist.org/downloads/",
            "license": [
                "MIT"
            ],
            "description": "A mutable AST library for Hack with linting and code migrations",
            "time": "2020-01-24T18:17:24+00:00"
        },
        {
            "name": "hhvm/type-assert",
            "version": "v3.7.3",
            "source": {
                "type": "git",
                "url": "https://github.com/hhvm/type-assert.git",
                "reference": "e076c42ed718929dbea96c0b354ebe96cccc2335"
            },
            "dist": {
                "type": "zip",
                "url": "https://api.github.com/repos/hhvm/type-assert/zipball/e076c42ed718929dbea96c0b354ebe96cccc2335",
                "reference": "e076c42ed718929dbea96c0b354ebe96cccc2335",
                "shasum": ""
            },
            "require": {
                "hhvm": "^4.30",
                "hhvm/hsl": "^4.0"
            },
            "require-dev": {
                "facebook/fbexpect": "^2.0.0",
                "hhvm/hacktest": "^2.0",
                "hhvm/hhast": "^4.0",
                "hhvm/hhvm-autoload": "^2.0"
            },
            "type": "library",
            "extra": {
                "branch-alias": {
                    "dev-master": "3.x-dev"
                }
            },
            "notification-url": "https://packagist.org/downloads/",
            "license": [
                "MIT"
            ],
            "description": "Convert untyped data to typed data",
            "keywords": [
                "TypeAssert",
                "hack"
            ],
            "time": "2020-01-13T21:48:58+00:00"
        }
    ],
    "aliases": [],
    "minimum-stability": "stable",
    "stability-flags": [],
    "prefer-stable": false,
    "prefer-lowest": false,
    "platform": [],
    "platform-dev": []
}
